
Microsoft Visual Studio Solution File, Format Version 12.00
# Visual Studio Version 16
VisualStudioVersion = 16.0.30406.217
MinimumVisualStudioVersion = 10.0.40219.1
Project("{FAE04EC0-301F-11D3-BF4B-00C04F79EFBC}") = "MongoDB.Book", "MongoDB.Book\MongoDB.Book.csproj", "{9C00534E-8FDA-486F-A10F-6E78E8FF1900}"
EndProject
Global
	GlobalSection(SolutionConfigurationPlatforms) = preSolution
		Debug|Any CPU = Debug|Any CPU
		Release|Any CPU = Release|Any CPU
	EndGlobalSection
	GlobalSection(ProjectConfigurationPlatforms) = postSolution
		{9C00534E-8FDA-486F-A10F-6E78E8FF1900}.Debug|Any CPU.ActiveCfg = Debug|Any CPU
		{9C00534E-8FDA-486F-A10F-6E78E8FF1900}.Debug|Any CPU.Build.0 = Debug|Any CPU
		{9C00534E-8FDA-486F-A10F-6E78E8FF1900}.Release|Any CPU.ActiveCfg = Release|Any CPU
		{9C00534E-8FDA-486F-A10F-6E78E8FF1900}.Release|Any CPU.Build.0 = Release|Any CPU
	EndGlobalSection
	GlobalSection(SolutionProperties) = preSolution
		HideSolutionNode = FALSE
	EndGlobalSection
	GlobalSection(ExtensibilityGlobals) = postSolution
		SolutionGuid = {5D4CB938-C816-40C9-B47A-94DC216A43D6}
	EndGlobalSection
EndGlobal
